// !$*UTF8*$!
{
	archiveVersion = 1;
	classes = {
	};
	objectVersion = 50;
	objects = {

/* Begin PBXBuildFile section */
		9301090226A1D28100762A6C /* AppDelegate.swift in Sources */ = {isa = PBXBuildFile; fileRef = 9301090126A1D28100762A6C /* AppDelegate.swift */; };
		9301090426A1D28100762A6C /* SceneDelegate.swift in Sources */ = {isa = PBXBuildFile; fileRef = 9301090326A1D28100762A6C /* SceneDelegate.swift */; };
		9301090626A1D28100762A6C /* ViewController.swift in Sources */ = {isa = PBXBuildFile; fileRef = 9301090526A1D28100762A6C /* ViewController.swift */; };
		9301090926A1D28100762A6C /* Main.storyboard in Resources */ = {isa = PBXBuildFile; fileRef = 9301090726A1D28100762A6C /* Main.storyboard */; };
		9301090C26A1D28100762A6C /* BackgroundDownloadTask.xcdatamodeld in Sources */ = {isa = PBXBuildFile; fileRef = 9301090A26A1D28100762A6C /* BackgroundDownloadTask.xcdatamodeld */; };
		9301090E26A1D28400762A6C /* Assets.xcassets in Resources */ = {isa = PBXBuildFile; fileRef = 9301090D26A1D28400762A6C /* Assets.xcassets */; };
		9301091126A1D28400762A6C /* LaunchScreen.storyboard in Resources */ = {isa = PBXBuildFile; fileRef = 9301090F26A1D28400762A6C /* LaunchScreen.storyboard */; };
		9301091C26A1D28400762A6C /* BackgroundDownloadTaskTests.swift in Sources */ = {isa = PBXBuildFile; fileRef = 9301091B26A1D28400762A6C /* BackgroundDownloadTaskTests.swift */; };
		9301092726A1D28400762A6C /* BackgroundDownloadTaskUITests.swift in Sources */ = {isa = PBXBuildFile; fileRef = 9301092626A1D28400762A6C /* BackgroundDownloadTaskUITests.swift */; };
		9301093826A4813F00762A6C /* NetworkManager.swift in Sources */ = {isa = PBXBuildFile; fileRef = 9301093726A4813F00762A6C /* NetworkManager.swift */; };
		939FC40F26AD64DB00878DCA /* DownloadViewCell.swift in Sources */ = {isa = PBXBuildFile; fileRef = 939FC40E26AD64DB00878DCA /* DownloadViewCell.swift */; };
		939FC41126AD657000878DCA /* DownloadViewController.swift in Sources */ = {isa = PBXBuildFile; fileRef = 939FC41026AD657000878DCA /* DownloadViewController.swift */; };
		939FC41326AD6D4400878DCA /* DownloadingManager.swift in Sources */ = {isa = PBXBuildFile; fileRef = 939FC41226AD6D4400878DCA /* DownloadingManager.swift */; };
		939FC41526AD6DC600878DCA /* DownloadObject.swift in Sources */ = {isa = PBXBuildFile; fileRef = 939FC41426AD6DC600878DCA /* DownloadObject.swift */; };
		939FC41726AD6F1F00878DCA /* DownloadHelper.swift in Sources */ = {isa = PBXBuildFile; fileRef = 939FC41626AD6F1F00878DCA /* DownloadHelper.swift */; };
		939FC41926AD7E8600878DCA /* DownloadProgressViewController.swift in Sources */ = {isa = PBXBuildFile; fileRef = 939FC41826AD7E8600878DCA /* DownloadProgressViewController.swift */; };
		939FC41B26AD961A00878DCA /* ProgressBar.swift in Sources */ = {isa = PBXBuildFile; fileRef = 939FC41A26AD961A00878DCA /* ProgressBar.swift */; };
/* End PBXBuildFile section */

/* Begin PBXContainerItemProxy section */
		9301091826A1D28400762A6C /* PBXContainerItemProxy */ = {
			isa = PBXContainerItemProxy;
			containerPortal = 930108F626A1D28100762A6C /* Project object */;
			proxyType = 1;
			remoteGlobalIDString = 930108FD26A1D28100762A6C;
			remoteInfo = BackgroundDownloadTask;
		};
		9301092326A1D28400762A6C /* PBXContainerItemProxy */ = {
			isa = PBXContainerItemProxy;
			containerPortal = 930108F626A1D28100762A6C /* Project object */;
			proxyType = 1;
			remoteGlobalIDString = 930108FD26A1D28100762A6C;
			remoteInfo = BackgroundDownloadTask;
		};
/* End PBXContainerItemProxy section */

/* Begin PBXFileReference section */
		930108FE26A1D28100762A6C /* BackgroundDownloadTask.app */ = {isa = PBXFileReference; explicitFileType = wrapper.application; includeInIndex = 0; path = BackgroundDownloadTask.app; sourceTree = BUILT_PRODUCTS_DIR; };
		9301090126A1D28100762A6C /* AppDelegate.swift */ = {isa = PBXFileReference; lastKnownFileType = sourcecode.swift; path = AppDelegate.swift; sourceTree = "<group>"; };
		9301090326A1D28100762A6C /* SceneDelegate.swift */ = {isa = PBXFileReference; lastKnownFileType = sourcecode.swift; path = SceneDelegate.swift; sourceTree = "<group>"; };
		9301090526A1D28100762A6C /* ViewController.swift */ = {isa = PBXFileReference; lastKnownFileType = sourcecode.swift; path = ViewController.swift; sourceTree = "<group>"; };
		9301090826A1D28100762A6C /* Base */ = {isa = PBXFileReference; lastKnownFileType = file.storyboard; name = Base; path = Base.lproj/Main.storyboard; sourceTree = "<group>"; };
		9301090B26A1D28100762A6C /* BackgroundDownloadTask.xcdatamodel */ = {isa = PBXFileReference; lastKnownFileType = wrapper.xcdatamodel; path = BackgroundDownloadTask.xcdatamodel; sourceTree = "<group>"; };
		9301090D26A1D28400762A6C /* Assets.xcassets */ = {isa = PBXFileReference; lastKnownFileType = folder.assetcatalog; path = Assets.xcassets; sourceTree = "<group>"; };
		9301091026A1D28400762A6C /* Base */ = {isa = PBXFileReference; lastKnownFileType = file.storyboard; name = Base; path = Base.lproj/LaunchScreen.storyboard; sourceTree = "<group>"; };
		9301091226A1D28400762A6C /* Info.plist */ = {isa = PBXFileReference; lastKnownFileType = text.plist.xml; path = Info.plist; sourceTree = "<group>"; };
		9301091726A1D28400762A6C /* BackgroundDownloadTaskTests.xctest */ = {isa = PBXFileReference; explicitFileType = wrapper.cfbundle; includeInIndex = 0; path = BackgroundDownloadTaskTests.xctest; sourceTree = BUILT_PRODUCTS_DIR; };
		9301091B26A1D28400762A6C /* BackgroundDownloadTaskTests.swift */ = {isa = PBXFileReference; lastKnownFileType = sourcecode.swift; path = BackgroundDownloadTaskTests.swift; sourceTree = "<group>"; };
		9301091D26A1D28400762A6C /* Info.plist */ = {isa = PBXFileReference; lastKnownFileType = text.plist.xml; path = Info.plist; sourceTree = "<group>"; };
		9301092226A1D28400762A6C /* BackgroundDownloadTaskUITests.xctest */ = {isa = PBXFileReference; explicitFileType = wrapper.cfbundle; includeInIndex = 0; path = BackgroundDownloadTaskUITests.xctest; sourceTree = BUILT_PRODUCTS_DIR; };
		9301092626A1D28400762A6C /* BackgroundDownloadTaskUITests.swift */ = {isa = PBXFileReference; lastKnownFileType = sourcecode.swift; path = BackgroundDownloadTaskUITests.swift; sourceTree = "<group>"; };
		9301092826A1D28400762A6C /* Info.plist */ = {isa = PBXFileReference; lastKnownFileType = text.plist.xml; path = Info.plist; sourceTree = "<group>"; };
		9301093726A4813F00762A6C /* NetworkManager.swift */ = {isa = PBXFileReference; lastKnownFileType = sourcecode.swift; path = NetworkManager.swift; sourceTree = "<group>"; };
		939FC40E26AD64DB00878DCA /* DownloadViewCell.swift */ = {isa = PBXFileReference; lastKnownFileType = sourcecode.swift; path = DownloadViewCell.swift; sourceTree = "<group>"; };
		939FC41026AD657000878DCA /* DownloadViewController.swift */ = {isa = PBXFileReference; lastKnownFileType = sourcecode.swift; path = DownloadViewController.swift; sourceTree = "<group>"; };
		939FC41226AD6D4400878DCA /* DownloadingManager.swift */ = {isa = PBXFileReference; lastKnownFileType = sourcecode.swift; path = DownloadingManager.swift; sourceTree = "<group>"; };
		939FC41426AD6DC600878DCA /* DownloadObject.swift */ = {isa = PBXFileReference; lastKnownFileType = sourcecode.swift; path = DownloadObject.swift; sourceTree = "<group>"; };
		939FC41626AD6F1F00878DCA /* DownloadHelper.swift */ = {isa = PBXFileReference; lastKnownFileType = sourcecode.swift; path = DownloadHelper.swift; sourceTree = "<group>"; };
		939FC41826AD7E8600878DCA /* DownloadProgressViewController.swift */ = {isa = PBXFileReference; lastKnownFileType = sourcecode.swift; path = DownloadProgressViewController.swift; sourceTree = "<group>"; };
		939FC41A26AD961A00878DCA /* ProgressBar.swift */ = {isa = PBXFileReference; fileEncoding = 4; lastKnownFileType = sourcecode.swift; path = ProgressBar.swift; sourceTree = "<group>"; };
/* End PBXFileReference section */

/* Begin PBXFrameworksBuildPhase section */
		930108FB26A1D28100762A6C /* Frameworks */ = {
			isa = PBXFrameworksBuildPhase;
			buildActionMask = 2147483647;
			files = (
			);
			runOnlyForDeploymentPostprocessing = 0;
		};
		9301091426A1D28400762A6C /* Frameworks */ = {
			isa = PBXFrameworksBuildPhase;
			buildActionMask = 2147483647;
			files = (
			);
			runOnlyForDeploymentPostprocessing = 0;
		};
		9301091F26A1D28400762A6C /* Frameworks */ = {
			isa = PBXFrameworksBuildPhase;
			buildActionMask = 2147483647;
			files = (
			);
			runOnlyForDeploymentPostprocessing = 0;
		};
/* End PBXFrameworksBuildPhase section */

/* Begin PBXGroup section */
		930108F526A1D28100762A6C = {
			isa = PBXGroup;
			children = (
				9301090026A1D28100762A6C /* BackgroundDownloadTask */,
				9301091A26A1D28400762A6C /* BackgroundDownloadTaskTests */,
				9301092526A1D28400762A6C /* BackgroundDownloadTaskUITests */,
				930108FF26A1D28100762A6C /* Products */,
			);
			sourceTree = "<group>";
		};
		930108FF26A1D28100762A6C /* Products */ = {
			isa = PBXGroup;
			children = (
				930108FE26A1D28100762A6C /* BackgroundDownloadTask.app */,
				9301091726A1D28400762A6C /* BackgroundDownloadTaskTests.xctest */,
				9301092226A1D28400762A6C /* BackgroundDownloadTaskUITests.xctest */,
			);
			name = Products;
			sourceTree = "<group>";
		};
		9301090026A1D28100762A6C /* BackgroundDownloadTask */ = {
			isa = PBXGroup;
			children = (
				939FC41A26AD961A00878DCA /* ProgressBar.swift */,
				9301090126A1D28100762A6C /* AppDelegate.swift */,
				9301090326A1D28100762A6C /* SceneDelegate.swift */,
				939FC40E26AD64DB00878DCA /* DownloadViewCell.swift */,
				9301090526A1D28100762A6C /* ViewController.swift */,
				9301090726A1D28100762A6C /* Main.storyboard */,
				9301090D26A1D28400762A6C /* Assets.xcassets */,
				9301091226A1D28400762A6C /* Info.plist */,
				9301090A26A1D28100762A6C /* BackgroundDownloadTask.xcdatamodeld */,
				9301093726A4813F00762A6C /* NetworkManager.swift */,
				939FC41026AD657000878DCA /* DownloadViewController.swift */,
				9301090F26A1D28400762A6C /* LaunchScreen.storyboard */,
				939FC41826AD7E8600878DCA /* DownloadProgressViewController.swift */,
				939FC41226AD6D4400878DCA /* DownloadingManager.swift */,
				939FC41426AD6DC600878DCA /* DownloadObject.swift */,
				939FC41626AD6F1F00878DCA /* DownloadHelper.swift */,
			);
			path = BackgroundDownloadTask;
			sourceTree = "<group>";
		};
		9301091A26A1D28400762A6C /* BackgroundDownloadTaskTests */ = {
			isa = PBXGroup;
			children = (
				9301091B26A1D28400762A6C /* BackgroundDownloadTaskTests.swift */,
				9301091D26A1D28400762A6C /* Info.plist */,
			);
			path = BackgroundDownloadTaskTests;
			sourceTree = "<group>";
		};
		9301092526A1D28400762A6C /* BackgroundDownloadTaskUITests */ = {
			isa = PBXGroup;
			children = (
				9301092626A1D28400762A6C /* BackgroundDownloadTaskUITests.swift */,
				9301092826A1D28400762A6C /* Info.plist */,
			);
			path = BackgroundDownloadTaskUITests;
			sourceTree = "<group>";
		};
/* End PBXGroup section */

/* Begin PBXNativeTarget section */
		930108FD26A1D28100762A6C /* BackgroundDownloadTask */ = {
			isa = PBXNativeTarget;
			buildConfigurationList = 9301092B26A1D28400762A6C /* Build configuration list for PBXNativeTarget "BackgroundDownloadTask" */;
			buildPhases = (
				930108FA26A1D28100762A6C /* Sources */,
				930108FB26A1D28100762A6C /* Frameworks */,
				930108FC26A1D28100762A6C /* Resources */,
			);
			buildRules = (
			);
			dependencies = (
			);
			name = BackgroundDownloadTask;
			productName = BackgroundDownloadTask;
			productReference = 930108FE26A1D28100762A6C /* BackgroundDownloadTask.app */;
			productType = "com.apple.product-type.application";
		};
		9301091626A1D28400762A6C /* BackgroundDownloadTaskTests */ = {
			isa = PBXNativeTarget;
			buildConfigurationList = 9301092E26A1D28400762A6C /* Build configuration list for PBXNativeTarget "BackgroundDownloadTaskTests" */;
			buildPhases = (
				9301091326A1D28400762A6C /* Sources */,
				9301091426A1D28400762A6C /* Frameworks */,
				9301091526A1D28400762A6C /* Resources */,
			);
			buildRules = (
			);
			dependencies = (
				9301091926A1D28400762A6C /* PBXTargetDependency */,
			);
			name = BackgroundDownloadTaskTests;
			productName = BackgroundDownloadTaskTests;
			productReference = 9301091726A1D28400762A6C /* BackgroundDownloadTaskTests.xctest */;
			productType = "com.apple.product-type.bundle.unit-test";
		};
		9301092126A1D28400762A6C /* BackgroundDownloadTaskUITests */ = {
			isa = PBXNativeTarget;
			buildConfigurationList = 9301093126A1D28400762A6C /* Build configuration list for PBXNativeTarget "BackgroundDownloadTaskUITests" */;
			buildPhases = (
				9301091E26A1D28400762A6C /* Sources */,
				9301091F26A1D28400762A6C /* Frameworks */,
				9301092026A1D28400762A6C /* Resources */,
			);
			buildRules = (
			);
			dependencies = (
				9301092426A1D28400762A6C /* PBXTargetDependency */,
			);
			name = BackgroundDownloadTaskUITests;
			productName = BackgroundDownloadTaskUITests;
			productReference = 9301092226A1D28400762A6C /* BackgroundDownloadTaskUITests.xctest */;
			productType = "com.apple.product-type.bundle.ui-testing";
		};
/* End PBXNativeTarget section */

/* Begin PBXProject section */
		930108F626A1D28100762A6C /* Project object */ = {
			isa = PBXProject;
			attributes = {
				LastSwiftUpdateCheck = 1250;
				LastUpgradeCheck = 1250;
				TargetAttributes = {
					930108FD26A1D28100762A6C = {
						CreatedOnToolsVersion = 12.5.1;
					};
					9301091626A1D28400762A6C = {
						CreatedOnToolsVersion = 12.5.1;
						TestTargetID = 930108FD26A1D28100762A6C;
					};
					9301092126A1D28400762A6C = {
						CreatedOnToolsVersion = 12.5.1;
						TestTargetID = 930108FD26A1D28100762A6C;
					};
				};
			};
			buildConfigurationList = 930108F926A1D28100762A6C /* Build configuration list for PBXProject "BackgroundDownloadTask" */;
			compatibilityVersion = "Xcode 9.3";
			developmentRegion = en;
			hasScannedForEncodings = 0;
			knownRegions = (
				en,
				Base,
			);
			mainGroup = 930108F526A1D28100762A6C;
			productRefGroup = 930108FF26A1D28100762A6C /* Products */;
			projectDirPath = "";
			projectRoot = "";
			targets = (
				930108FD26A1D28100762A6C /* BackgroundDownloadTask */,
				9301091626A1D28400762A6C /* BackgroundDownloadTaskTests */,
				9301092126A1D28400762A6C /* BackgroundDownloadTaskUITests */,
			);
		};
/* End PBXProject section */

/* Begin PBXResourcesBuildPhase section */
		930108FC26A1D28100762A6C /* Resources */ = {
			isa = PBXResourcesBuildPhase;
			buildActionMask = 2147483647;
			files = (
				9301091126A1D28400762A6C /* LaunchScreen.storyboard in Resources */,
				9301090E26A1D28400762A6C /* Assets.xcassets in Resources */,
				9301090926A1D28100762A6C /* Main.storyboard in Resources */,
			);
			runOnlyForDeploymentPostprocessing = 0;
		};
		9301091526A1D28400762A6C /* Resources */ = {
			isa = PBXResourcesBuildPhase;
			buildActionMask = 2147483647;
			files = (
			);
			runOnlyForDeploymentPostprocessing = 0;
		};
		9301092026A1D28400762A6C /* Resources */ = {
			isa = PBXResourcesBuildPhase;
			buildActionMask = 2147483647;
			files = (
			);
			runOnlyForDeploymentPostprocessing = 0;
		};
/* End PBXResourcesBuildPhase section */

/* Begin PBXSourcesBuildPhase section */
		930108FA26A1D28100762A6C /* Sources */ = {
			isa = PBXSourcesBuildPhase;
			buildActionMask = 2147483647;
			files = (
				939FC40F26AD64DB00878DCA /* DownloadViewCell.swift in Sources */,
				9301090626A1D28100762A6C /* ViewController.swift in Sources */,
				9301090226A1D28100762A6C /* AppDelegate.swift in Sources */,
				939FC41126AD657000878DCA /* DownloadViewController.swift in Sources */,
				939FC41326AD6D4400878DCA /* DownloadingManager.swift in Sources */,
				939FC41926AD7E8600878DCA /* DownloadProgressViewController.swift in Sources */,
				9301093826A4813F00762A6C /* NetworkManager.swift in Sources */,
				9301090C26A1D28100762A6C /* BackgroundDownloadTask.xcdatamodeld in Sources */,
				939FC41726AD6F1F00878DCA /* DownloadHelper.swift in Sources */,
				9301090426A1D28100762A6C /* SceneDelegate.swift in Sources */,
				939FC41B26AD961A00878DCA /* ProgressBar.swift in Sources */,
				939FC41526AD6DC600878DCA /* DownloadObject.swift in Sources */,
			);
			runOnlyForDeploymentPostprocessing = 0;
		};
		9301091326A1D28400762A6C /* Sources */ = {
			isa = PBXSourcesBuildPhase;
			buildActionMask = 2147483647;
			files = (
				9301091C26A1D28400762A6C /* BackgroundDownloadTaskTests.swift in Sources */,
			);
			runOnlyForDeploymentPostprocessing = 0;
		};
		9301091E26A1D28400762A6C /* Sources */ = {
			isa = PBXSourcesBuildPhase;
			buildActionMask = 2147483647;
			files = (
				9301092726A1D28400762A6C /* BackgroundDownloadTaskUITests.swift in Sources */,
			);
			runOnlyForDeploymentPostprocessing = 0;
		};
/* End PBXSourcesBuildPhase section */

/* Begin PBXTargetDependency section */
		9301091926A1D28400762A6C /* PBXTargetDependency */ = {
			isa = PBXTargetDependency;
			target = 930108FD26A1D28100762A6C /* BackgroundDownloadTask */;
			targetProxy = 9301091826A1D28400762A6C /* PBXContainerItemProxy */;
		};
		9301092426A1D28400762A6C /* PBXTargetDependency */ = {
			isa = PBXTargetDependency;
			target = 930108FD26A1D28100762A6C /* BackgroundDownloadTask */;
			targetProxy = 9301092326A1D28400762A6C /* PBXContainerItemProxy */;
		};
/* End PBXTargetDependency section */

/* Begin PBXVariantGroup section */
		9301090726A1D28100762A6C /* Main.storyboard */ = {
			isa = PBXVariantGroup;
			children = (
				9301090826A1D28100762A6C /* Base */,
			);
			name = Main.storyboard;
			sourceTree = "<group>";
		};
		9301090F26A1D28400762A6C /* LaunchScreen.storyboard */ = {
			isa = PBXVariantGroup;
			children = (
				9301091026A1D28400762A6C /* Base */,
			);
			name = LaunchScreen.storyboard;
			sourceTree = "<group>";
		};
/* End PBXVariantGroup section */

/* Begin XCBuildConfiguration section */
		9301092926A1D28400762A6C /* Debug */ = {
			isa = XCBuildConfiguration;
			buildSettings = {
				ALWAYS_SEARCH_USER_PATHS = NO;
				CLANG_ANALYZER_NONNULL = YES;
				CLANG_ANALYZER_NUMBER_OBJECT_CONVERSION = YES_AGGRESSIVE;
				CLANG_CXX_LANGUAGE_STANDARD = "gnu++14";
				CLANG_CXX_LIBRARY = "libc++";
				CLANG_ENABLE_MODULES = YES;
				CLANG_ENABLE_OBJC_ARC = YES;
				CLANG_ENABLE_OBJC_WEAK = YES;
				CLANG_WARN_BLOCK_CAPTURE_AUTORELEASING = YES;
				CLANG_WARN_BOOL_CONVERSION = YES;
				CLANG_WARN_COMMA = YES;
				CLANG_WARN_CONSTANT_CONVERSION = YES;
				CLANG_WARN_DEPRECATED_OBJC_IMPLEMENTATIONS = YES;
				CLANG_WARN_DIRECT_OBJC_ISA_USAGE = YES_ERROR;
				CLANG_WARN_DOCUMENTATION_COMMENTS = YES;
				CLANG_WARN_EMPTY_BODY = YES;
				CLANG_WARN_ENUM_CONVERSION = YES;
				CLANG_WARN_INFINITE_RECURSION = YES;
				CLANG_WARN_INT_CONVERSION = YES;
				CLANG_WARN_NON_LITERAL_NULL_CONVERSION = YES;
				CLANG_WARN_OBJC_IMPLICIT_RETAIN_SELF = YES;
				CLANG_WARN_OBJC_LITERAL_CONVERSION = YES;
				CLANG_WARN_OBJC_ROOT_CLASS = YES_ERROR;
				CLANG_WARN_QUOTED_INCLUDE_IN_FRAMEWORK_HEADER = YES;
				CLANG_WARN_RANGE_LOOP_ANALYSIS = YES;
				CLANG_WARN_STRICT_PROTOTYPES = YES;
				CLANG_WARN_SUSPICIOUS_MOVE = YES;
				CLANG_WARN_UNGUARDED_AVAILABILITY = YES_AGGRESSIVE;
				CLANG_WARN_UNREACHABLE_CODE = YES;
				CLANG_WARN__DUPLICATE_METHOD_MATCH = YES;
				COPY_PHASE_STRIP = NO;
				DEBUG_INFORMATION_FORMAT = dwarf;
				ENABLE_STRICT_OBJC_MSGSEND = YES;
				ENABLE_TESTABILITY = YES;
				GCC_C_LANGUAGE_STANDARD = gnu11;
				GCC_DYNAMIC_NO_PIC = NO;
				GCC_NO_COMMON_BLOCKS = YES;
				GCC_OPTIMIZATION_LEVEL = 0;
				GCC_PREPROCESSOR_DEFINITIONS = (
					"DEBUG=1",
					"$(inherited)",
				);
				GCC_WARN_64_TO_32_BIT_CONVERSION = YES;
				GCC_WARN_ABOUT_RETURN_TYPE = YES_ERROR;
				GCC_WARN_UNDECLARED_SELECTOR = YES;
				GCC_WARN_UNINITIALIZED_AUTOS = YES_AGGRESSIVE;
				GCC_WARN_UNUSED_FUNCTION = YES;
				GCC_WARN_UNUSED_VARIABLE = YES;
				IPHONEOS_DEPLOYMENT_TARGET = 14.5;
				MTL_ENABLE_DEBUG_INFO = INCLUDE_SOURCE;
				MTL_FAST_MATH = YES;
				ONLY_ACTIVE_ARCH = YES;
				SDKROOT = iphoneos;
				SWIFT_ACTIVE_COMPILATION_CONDITIONS = DEBUG;
				SWIFT_OPTIMIZATION_LEVEL = "-Onone";
			};
			name = Debug;
		};
		9301092A26A1D28400762A6C /* Release */ = {
			isa = XCBuildConfiguration;
			buildSettings = {
				ALWAYS_SEARCH_USER_PATHS = NO;
				CLANG_ANALYZER_NONNULL = YES;
				CLANG_ANALYZER_NUMBER_OBJECT_CONVERSION = YES_AGGRESSIVE;
				CLANG_CXX_LANGUAGE_STANDARD = "gnu++14";
				CLANG_CXX_LIBRARY = "libc++";
				CLANG_ENABLE_MODULES = YES;
				CLANG_ENABLE_OBJC_ARC = YES;
				CLANG_ENABLE_OBJC_WEAK = YES;
				CLANG_WARN_BLOCK_CAPTURE_AUTORELEASING = YES;
				CLANG_WARN_BOOL_CONVERSION = YES;
				CLANG_WARN_COMMA = YES;
				CLANG_WARN_CONSTANT_CONVERSION = YES;
				CLANG_WARN_DEPRECATED_OBJC_IMPLEMENTATIONS = YES;
				CLANG_WARN_DIRECT_OBJC_ISA_USAGE = YES_ERROR;
				CLANG_WARN_DOCUMENTATION_COMMENTS = YES;
				CLANG_WARN_EMPTY_BODY = YES;
				CLANG_WARN_ENUM_CONVERSION = YES;
				CLANG_WARN_INFINITE_RECURSION = YES;
				CLANG_WARN_INT_CONVERSION = YES;
				CLANG_WARN_NON_LITERAL_NULL_CONVERSION = YES;
				CLANG_WARN_OBJC_IMPLICIT_RETAIN_SELF = YES;
				CLANG_WARN_OBJC_LITERAL_CONVERSION = YES;
				CLANG_WARN_OBJC_ROOT_CLASS = YES_ERROR;
				CLANG_WARN_QUOTED_INCLUDE_IN_FRAMEWORK_HEADER = YES;
				CLANG_WARN_RANGE_LOOP_ANALYSIS = YES;
				CLANG_WARN_STRICT_PROTOTYPES = YES;
				CLANG_WARN_SUSPICIOUS_MOVE = YES;
				CLANG_WARN_UNGUARDED_AVAILABILITY = YES_AGGRESSIVE;
				CLANG_WARN_UNREACHABLE_CODE = YES;
				CLANG_WARN__DUPLICATE_METHOD_MATCH = YES;
				COPY_PHASE_STRIP = NO;
				DEBUG_INFORMATION_FORMAT = "dwarf-with-dsym";
				ENABLE_NS_ASSERTIONS = NO;
				ENABLE_STRICT_OBJC_MSGSEND = YES;
				GCC_C_LANGUAGE_STANDARD = gnu11;
				GCC_NO_COMMON_BLOCKS = YES;
				GCC_WARN_64_TO_32_BIT_CONVERSION = YES;
				GCC_WARN_ABOUT_RETURN_TYPE = YES_ERROR;
				GCC_WARN_UNDECLARED_SELECTOR = YES;
				GCC_WARN_UNINITIALIZED_AUTOS = YES_AGGRESSIVE;
				GCC_WARN_UNUSED_FUNCTION = YES;
				GCC_WARN_UNUSED_VARIABLE = YES;
				IPHONEOS_DEPLOYMENT_TARGET = 14.5;
				MTL_ENABLE_DEBUG_INFO = NO;
				MTL_FAST_MATH = YES;
				SDKROOT = iphoneos;
				SWIFT_COMPILATION_MODE = wholemodule;
				SWIFT_OPTIMIZATION_LEVEL = "-O";
				VALIDATE_PRODUCT = YES;
			};
			name = Release;
		};
		9301092C26A1D28400762A6C /* Debug */ = {
			isa = XCBuildConfiguration;
			buildSettings = {
				ASSETCATALOG_COMPILER_APPICON_NAME = AppIcon;
				ASSETCATALOG_COMPILER_GLOBAL_ACCENT_COLOR_NAME = AccentColor;
				CODE_SIGN_IDENTITY = "Apple Development";
				CODE_SIGN_STYLE = Automatic;
				DEVELOPMENT_TEAM = A7M49FUR99;
				INFOPLIST_FILE = BackgroundDownloadTask/Info.plist;
				LD_RUNPATH_SEARCH_PATHS = (
					"$(inherited)",
					"@executable_path/Frameworks",
				);
				PRODUCT_BUNDLE_IDENTIFIER = com.priyanka.BackgroundDownloadTask;
				PRODUCT_NAME = "$(TARGET_NAME)";
				PROVISIONING_PROFILE_SPECIFIER = "";
				SWIFT_VERSION = 5.0;
				TARGETED_DEVICE_FAMILY = "1,2";
			};
			name = Debug;
		};
		9301092D26A1D28400762A6C /* Release */ = {
			isa = XCBuildConfiguration;
			buildSettings = {
				ASSETCATALOG_COMPILER_APPICON_NAME = AppIcon;
				ASSETCATALOG_COMPILER_GLOBAL_ACCENT_COLOR_NAME = AccentColor;
				CODE_SIGN_IDENTITY = "Apple Development";
				CODE_SIGN_STYLE = Automatic;
				DEVELOPMENT_TEAM = A7M49FUR99;
				INFOPLIST_FILE = BackgroundDownloadTask/Info.plist;
				LD_RUNPATH_SEARCH_PATHS = (
					"$(inherited)",
					"@executable_path/Frameworks",
				);
				PRODUCT_BUNDLE_IDENTIFIER = com.priyanka.BackgroundDownloadTask;
				PRODUCT_NAME = "$(TARGET_NAME)";
				PROVISIONING_PROFILE_SPECIFIER = "";
				SWIFT_VERSION = 5.0;
				TARGETED_DEVICE_FAMILY = "1,2";
			};
			name = Release;
		};
		9301092F26A1D28400762A6C /* Debug */ = {
			isa = XCBuildConfiguration;
			buildSettings = {
				ALWAYS_EMBED_SWIFT_STANDARD_LIBRARIES = YES;
				BUNDLE_LOADER = "$(TEST_HOST)";
				CODE_SIGN_STYLE = Automatic;
				INFOPLIST_FILE = BackgroundDownloadTaskTests/Info.plist;
				IPHONEOS_DEPLOYMENT_TARGET = 14.5;
				LD_RUNPATH_SEARCH_PATHS = (
					"$(inherited)",
					"@executable_path/Frameworks",
					"@loader_path/Frameworks",
				);
				PRODUCT_BUNDLE_IDENTIFIER = com.priyanka.BackgroundDownloadTaskTests;
				PRODUCT_NAME = "$(TARGET_NAME)";
				SWIFT_VERSION = 5.0;
				TARGETED_DEVICE_FAMILY = "1,2";
				TEST_HOST = "$(BUILT_PRODUCTS_DIR)/BackgroundDownloadTask.app/BackgroundDownloadTask";
			};
			name = Debug;
		};
		9301093026A1D28400762A6C /* Release */ = {
			isa = XCBuildConfiguration;
			buildSettings = {
				ALWAYS_EMBED_SWIFT_STANDARD_LIBRARIES = YES;
				BUNDLE_LOADER = "$(TEST_HOST)";
				CODE_SIGN_STYLE = Automatic;
				INFOPLIST_FILE = BackgroundDownloadTaskTests/Info.plist;
				IPHONEOS_DEPLOYMENT_TARGET = 14.5;
				LD_RUNPATH_SEARCH_PATHS = (
					"$(inherited)",
					"@executable_path/Frameworks",
					"@loader_path/Frameworks",
				);
				PRODUCT_BUNDLE_IDENTIFIER = com.priyanka.BackgroundDownloadTaskTests;
				PRODUCT_NAME = "$(TARGET_NAME)";
				SWIFT_VERSION = 5.0;
				TARGETED_DEVICE_FAMILY = "1,2";
				TEST_HOST = "$(BUILT_PRODUCTS_DIR)/BackgroundDownloadTask.app/BackgroundDownloadTask";
			};
			name = Release;
		};
		9301093226A1D28400762A6C /* Debug */ = {
			isa = XCBuildConfiguration;
			buildSettings = {
				ALWAYS_EMBED_SWIFT_STANDARD_LIBRARIES = YES;
				CODE_SIGN_STYLE = Automatic;
				INFOPLIST_FILE = BackgroundDownloadTaskUITests/Info.plist;
				LD_RUNPATH_SEARCH_PATHS = (
					"$(inherited)",
					"@executable_path/Frameworks",
					"@loader_path/Frameworks",
				);
				PRODUCT_BUNDLE_IDENTIFIER = com.priyanka.BackgroundDownloadTaskUITests;
				PRODUCT_NAME = "$(TARGET_NAME)";
				SWIFT_VERSION = 5.0;
				TARGETED_DEVICE_FAMILY = "1,2";
				TEST_TARGET_NAME = BackgroundDownloadTask;
			};
			name = Debug;
		};
		9301093326A1D28400762A6C /* Release */ = {
			isa = XCBuildConfiguration;
			buildSettings = {
				ALWAYS_EMBED_SWIFT_STANDARD_LIBRARIES = YES;
				CODE_SIGN_STYLE = Automatic;
				INFOPLIST_FILE = BackgroundDownloadTaskUITests/Info.plist;
				LD_RUNPATH_SEARCH_PATHS = (
					"$(inherited)",
					"@executable_path/Frameworks",
					"@loader_path/Frameworks",
				);
				PRODUCT_BUNDLE_IDENTIFIER = com.priyanka.BackgroundDownloadTaskUITests;
				PRODUCT_NAME = "$(TARGET_NAME)";
				SWIFT_VERSION = 5.0;
				TARGETED_DEVICE_FAMILY = "1,2";
				TEST_TARGET_NAME = BackgroundDownloadTask;
			};
			name = Release;
		};
/* End XCBuildConfiguration section */

/* Begin XCConfigurationList section */
		930108F926A1D28100762A6C /* Build configuration list for PBXProject "BackgroundDownloadTask" */ = {
			isa = XCConfigurationList;
			buildConfigurations = (
				9301092926A1D28400762A6C /* Debug */,
				9301092A26A1D28400762A6C /* Release */,
			);
			defaultConfigurationIsVisible = 0;
			defaultConfigurationName = Release;
		};
		9301092B26A1D28400762A6C /* Build configuration list for PBXNativeTarget "BackgroundDownloadTask" */ = {
			isa = XCConfigurationList;
			buildConfigurations = (
				9301092C26A1D28400762A6C /* Debug */,
				9301092D26A1D28400762A6C /* Release */,
			);
			defaultConfigurationIsVisible = 0;
			defaultConfigurationName = Release;
		};
		9301092E26A1D28400762A6C /* Build configuration list for PBXNativeTarget "BackgroundDownloadTaskTests" */ = {
			isa = XCConfigurationList;
			buildConfigurations = (
				9301092F26A1D28400762A6C /* Debug */,
				9301093026A1D28400762A6C /* Release */,
			);
			defaultConfigurationIsVisible = 0;
			defaultConfigurationName = Release;
		};
		9301093126A1D28400762A6C /* Build configuration list for PBXNativeTarget "BackgroundDownloadTaskUITests" */ = {
			isa = XCConfigurationList;
			buildConfigurations = (
				9301093226A1D28400762A6C /* Debug */,
				9301093326A1D28400762A6C /* Release */,
			);
			defaultConfigurationIsVisible = 0;
			defaultConfigurationName = Release;
		};
/* End XCConfigurationList section */

/* Begin XCVersionGroup section */
		9301090A26A1D28100762A6C /* BackgroundDownloadTask.xcdatamodeld */ = {
			isa = XCVersionGroup;
			children = (
				9301090B26A1D28100762A6C /* BackgroundDownloadTask.xcdatamodel */,
			);
			currentVersion = 9301090B26A1D28100762A6C /* BackgroundDownloadTask.xcdatamodel */;
			path = BackgroundDownloadTask.xcdatamodeld;
			sourceTree = "<group>";
			versionGroupType = wrapper.xcdatamodel;
		};
/* End XCVersionGroup section */
	};
	rootObject = 930108F626A1D28100762A6C /* Project object */;
}
